
Microsoft Visual Studio Solution File, Format Version 12.00
# Visual Studio Version 17
VisualStudioVersion = 17.8.34408.163
MinimumVisualStudioVersion = 10.0.40219.1
Project("{FAE04EC0-301F-11D3-BF4B-00C04F79EFBC}") = "CompanyService", "CompanyService\CompanyService.csproj", "{EAFC6B93-7B59-423F-93B7-426E180F1987}"
EndProject
Global
	GlobalSection(SolutionConfigurationPlatforms) = preSolution
		Debug|Any CPU = Debug|Any CPU
		Release|Any CPU = Release|Any CPU
	EndGlobalSection
	GlobalSection(ProjectConfigurationPlatforms) = postSolution
		{EAFC6B93-7B59-423F-93B7-426E180F1987}.Debug|Any CPU.ActiveCfg = Debug|Any CPU
		{EAFC6B93-7B59-423F-93B7-426E180F1987}.Debug|Any CPU.Build.0 = Debug|Any CPU
		{EAFC6B93-7B59-423F-93B7-426E180F1987}.Release|Any CPU.ActiveCfg = Release|Any CPU
		{EAFC6B93-7B59-423F-93B7-426E180F1987}.Release|Any CPU.Build.0 = Release|Any CPU
	EndGlobalSection
	GlobalSection(SolutionProperties) = preSolution
		HideSolutionNode = FALSE
	EndGlobalSection
	GlobalSection(ExtensibilityGlobals) = postSolution
		SolutionGuid = {77C845E9-FB1B-4EB2-B783-C9B4A12F67B2}
	EndGlobalSection
EndGlobal
